
Microsoft Visual Studio Solution File, Format Version 12.00
# Visual Studio Version 16
VisualStudioVersion = 16.0.31129.286
MinimumVisualStudioVersion = 10.0.40219.1
Project("{9A19103F-16F7-4668-BE54-9A1E7A4F7556}") = "TP1CalculadoraTodasOperacoes", "TP1CalculadoraTodasOperacoes.csproj", "{8469AE01-A3A2-47C9-B1CC-4A48D228B6A5}"
EndProject
Project("{FAE04EC0-301F-11D3-BF4B-00C04F79EFBC}") = "Adicao", "..\Adicao\Adicao.csproj", "{70C4B389-32DF-4C21-8A98-0E607C1C99CE}"
EndProject
Project("{FAE04EC0-301F-11D3-BF4B-00C04F79EFBC}") = "Subtracao", "..\Subtracao\Subtracao.csproj", "{7E0D53CC-5C53-4FC5-B86A-5BD09AAE6FB1}"
EndProject
Project("{FAE04EC0-301F-11D3-BF4B-00C04F79EFBC}") = "Multiplicacao", "..\Multiplicacao\Multiplicacao.csproj", "{37804204-C329-4441-8F22-A7C2B1ADDFB1}"
EndProject
Project("{FAE04EC0-301F-11D3-BF4B-00C04F79EFBC}") = "Divisao", "..\Divisao\Divisao.csproj", "{B0B250A4-C881-4EDB-B5B9-EEAE3AD81271}"
EndProject
Global
	GlobalSection(SolutionConfigurationPlatforms) = preSolution
		Debug|Any CPU = Debug|Any CPU
		Release|Any CPU = Release|Any CPU
	EndGlobalSection
	GlobalSection(ProjectConfigurationPlatforms) = postSolution
		{8469AE01-A3A2-47C9-B1CC-4A48D228B6A5}.Debug|Any CPU.ActiveCfg = Debug|Any CPU
		{8469AE01-A3A2-47C9-B1CC-4A48D228B6A5}.Debug|Any CPU.Build.0 = Debug|Any CPU
		{8469AE01-A3A2-47C9-B1CC-4A48D228B6A5}.Release|Any CPU.ActiveCfg = Release|Any CPU
		{8469AE01-A3A2-47C9-B1CC-4A48D228B6A5}.Release|Any CPU.Build.0 = Release|Any CPU
		{70C4B389-32DF-4C21-8A98-0E607C1C99CE}.Debug|Any CPU.ActiveCfg = Debug|Any CPU
		{70C4B389-32DF-4C21-8A98-0E607C1C99CE}.Debug|Any CPU.Build.0 = Debug|Any CPU
		{70C4B389-32DF-4C21-8A98-0E607C1C99CE}.Release|Any CPU.ActiveCfg = Release|Any CPU
		{70C4B389-32DF-4C21-8A98-0E607C1C99CE}.Release|Any CPU.Build.0 = Release|Any CPU
		{7E0D53CC-5C53-4FC5-B86A-5BD09AAE6FB1}.Debug|Any CPU.ActiveCfg = Debug|Any CPU
		{7E0D53CC-5C53-4FC5-B86A-5BD09AAE6FB1}.Debug|Any CPU.Build.0 = Debug|Any CPU
		{7E0D53CC-5C53-4FC5-B86A-5BD09AAE6FB1}.Release|Any CPU.ActiveCfg = Release|Any CPU
		{7E0D53CC-5C53-4FC5-B86A-5BD09AAE6FB1}.Release|Any CPU.Build.0 = Release|Any CPU
		{37804204-C329-4441-8F22-A7C2B1ADDFB1}.Debug|Any CPU.ActiveCfg = Debug|Any CPU
		{37804204-C329-4441-8F22-A7C2B1ADDFB1}.Debug|Any CPU.Build.0 = Debug|Any CPU
		{37804204-C329-4441-8F22-A7C2B1ADDFB1}.Release|Any CPU.ActiveCfg = Release|Any CPU
		{37804204-C329-4441-8F22-A7C2B1ADDFB1}.Release|Any CPU.Build.0 = Release|Any CPU
		{B0B250A4-C881-4EDB-B5B9-EEAE3AD81271}.Debug|Any CPU.ActiveCfg = Debug|Any CPU
		{B0B250A4-C881-4EDB-B5B9-EEAE3AD81271}.Debug|Any CPU.Build.0 = Debug|Any CPU
		{B0B250A4-C881-4EDB-B5B9-EEAE3AD81271}.Release|Any CPU.ActiveCfg = Release|Any CPU
		{B0B250A4-C881-4EDB-B5B9-EEAE3AD81271}.Release|Any CPU.Build.0 = Release|Any CPU
	EndGlobalSection
	GlobalSection(SolutionProperties) = preSolution
		HideSolutionNode = FALSE
	EndGlobalSection
	GlobalSection(ExtensibilityGlobals) = postSolution
		SolutionGuid = {80F0E220-8547-455E-9DD1-78FE6CEDF89E}
	EndGlobalSection
EndGlobal
